
Microsoft Visual Studio Solution File, Format Version 12.00
# Visual Studio Version 16
VisualStudioVersion = 16.0.30804.86
MinimumVisualStudioVersion = 10.0.40219.1
Project("{FAE04EC0-301F-11D3-BF4B-00C04F79EFBC}") = "ApiForReact", "ApiForReact\ApiForReact.csproj", "{7305E1FD-60D8-44E0-B83F-55C85CFFDD2D}"
EndProject
Global
	GlobalSection(SolutionConfigurationPlatforms) = preSolution
		Debug|Any CPU = Debug|Any CPU
		Release|Any CPU = Release|Any CPU
	EndGlobalSection
	GlobalSection(ProjectConfigurationPlatforms) = postSolution
		{7305E1FD-60D8-44E0-B83F-55C85CFFDD2D}.Debug|Any CPU.ActiveCfg = Debug|Any CPU
		{7305E1FD-60D8-44E0-B83F-55C85CFFDD2D}.Debug|Any CPU.Build.0 = Debug|Any CPU
		{7305E1FD-60D8-44E0-B83F-55C85CFFDD2D}.Release|Any CPU.ActiveCfg = Release|Any CPU
		{7305E1FD-60D8-44E0-B83F-55C85CFFDD2D}.Release|Any CPU.Build.0 = Release|Any CPU
	EndGlobalSection
	GlobalSection(SolutionProperties) = preSolution
		HideSolutionNode = FALSE
	EndGlobalSection
	GlobalSection(ExtensibilityGlobals) = postSolution
		SolutionGuid = {4136F2D5-B3B1-4996-A4F1-89C95FDE2C81}
	EndGlobalSection
EndGlobal
